// !$*UTF8*$!
{
	archiveVersion = 1;
	classes = {
	};
	objectVersion = 50;
	objects = {

/* Begin PBXBuildFile section */
		D9B8B9D82419702A0061B5E7 /* AppDelegate.swift in Sources */ = {isa = PBXBuildFile; fileRef = D9B8B9D72419702A0061B5E7 /* AppDelegate.swift */; };
		D9B8B9DA2419702A0061B5E7 /* SceneDelegate.swift in Sources */ = {isa = PBXBuildFile; fileRef = D9B8B9D92419702A0061B5E7 /* SceneDelegate.swift */; };
		D9B8B9DC2419702A0061B5E7 /* ContentView.swift in Sources */ = {isa = PBXBuildFile; fileRef = D9B8B9DB2419702A0061B5E7 /* ContentView.swift */; };
		D9B8B9DE2419702D0061B5E7 /* Assets.xcassets in Resources */ = {isa = PBXBuildFile; fileRef = D9B8B9DD2419702D0061B5E7 /* Assets.xcassets */; };
		D9B8B9E12419702D0061B5E7 /* Preview Assets.xcassets in Resources */ = {isa = PBXBuildFile; fileRef = D9B8B9E02419702D0061B5E7 /* Preview Assets.xcassets */; };
		D9B8B9E42419702D0061B5E7 /* LaunchScreen.storyboard in Resources */ = {isa = PBXBuildFile; fileRef = D9B8B9E22419702D0061B5E7 /* LaunchScreen.storyboard */; };
		D9B8B9EC241970740061B5E7 /* FutureBug.swift in Sources */ = {isa = PBXBuildFile; fileRef = D9B8B9EB241970740061B5E7 /* FutureBug.swift */; };
		D9B8B9EE2419728F0061B5E7 /* Single.swift in Sources */ = {isa = PBXBuildFile; fileRef = D9B8B9ED2419728F0061B5E7 /* Single.swift */; };
/* End PBXBuildFile section */

/* Begin PBXFileReference section */
		D9B8B9D42419702A0061B5E7 /* CombineFutureBug.app */ = {isa = PBXFileReference; explicitFileType = wrapper.application; includeInIndex = 0; path = CombineFutureBug.app; sourceTree = BUILT_PRODUCTS_DIR; };
		D9B8B9D72419702A0061B5E7 /* AppDelegate.swift */ = {isa = PBXFileReference; lastKnownFileType = sourcecode.swift; path = AppDelegate.swift; sourceTree = "<group>"; };
		D9B8B9D92419702A0061B5E7 /* SceneDelegate.swift */ = {isa = PBXFileReference; lastKnownFileType = sourcecode.swift; path = SceneDelegate.swift; sourceTree = "<group>"; };
		D9B8B9DB2419702A0061B5E7 /* ContentView.swift */ = {isa = PBXFileReference; lastKnownFileType = sourcecode.swift; path = ContentView.swift; sourceTree = "<group>"; };
		D9B8B9DD2419702D0061B5E7 /* Assets.xcassets */ = {isa = PBXFileReference; lastKnownFileType = folder.assetcatalog; path = Assets.xcassets; sourceTree = "<group>"; };
		D9B8B9E02419702D0061B5E7 /* Preview Assets.xcassets */ = {isa = PBXFileReference; lastKnownFileType = folder.assetcatalog; path = "Preview Assets.xcassets"; sourceTree = "<group>"; };
		D9B8B9E32419702D0061B5E7 /* Base */ = {isa = PBXFileReference; lastKnownFileType = file.storyboard; name = Base; path = Base.lproj/LaunchScreen.storyboard; sourceTree = "<group>"; };
		D9B8B9E52419702D0061B5E7 /* Info.plist */ = {isa = PBXFileReference; lastKnownFileType = text.plist.xml; path = Info.plist; sourceTree = "<group>"; };
		D9B8B9EB241970740061B5E7 /* FutureBug.swift */ = {isa = PBXFileReference; lastKnownFileType = sourcecode.swift; path = FutureBug.swift; sourceTree = "<group>"; };
		D9B8B9ED2419728F0061B5E7 /* Single.swift */ = {isa = PBXFileReference; lastKnownFileType = sourcecode.swift; path = Single.swift; sourceTree = "<group>"; };
/* End PBXFileReference section */

/* Begin PBXFrameworksBuildPhase section */
		D9B8B9D12419702A0061B5E7 /* Frameworks */ = {
			isa = PBXFrameworksBuildPhase;
			buildActionMask = 2147483647;
			files = (
			);
			runOnlyForDeploymentPostprocessing = 0;
		};
/* End PBXFrameworksBuildPhase section */

/* Begin PBXGroup section */
		D9B8B9CB2419702A0061B5E7 = {
			isa = PBXGroup;
			children = (
				D9B8B9D62419702A0061B5E7 /* CombineFutureBug */,
				D9B8B9D52419702A0061B5E7 /* Products */,
			);
			sourceTree = "<group>";
		};
		D9B8B9D52419702A0061B5E7 /* Products */ = {
			isa = PBXGroup;
			children = (
				D9B8B9D42419702A0061B5E7 /* CombineFutureBug.app */,
			);
			name = Products;
			sourceTree = "<group>";
		};
		D9B8B9D62419702A0061B5E7 /* CombineFutureBug */ = {
			isa = PBXGroup;
			children = (
				D9B8B9D72419702A0061B5E7 /* AppDelegate.swift */,
				D9B8B9D92419702A0061B5E7 /* SceneDelegate.swift */,
				D9B8B9DB2419702A0061B5E7 /* ContentView.swift */,
				D9B8B9DD2419702D0061B5E7 /* Assets.xcassets */,
				D9B8B9E22419702D0061B5E7 /* LaunchScreen.storyboard */,
				D9B8B9E52419702D0061B5E7 /* Info.plist */,
				D9B8B9DF2419702D0061B5E7 /* Preview Content */,
				D9B8B9EB241970740061B5E7 /* FutureBug.swift */,
				D9B8B9ED2419728F0061B5E7 /* Single.swift */,
			);
			path = CombineFutureBug;
			sourceTree = "<group>";
		};
		D9B8B9DF2419702D0061B5E7 /* Preview Content */ = {
			isa = PBXGroup;
			children = (
				D9B8B9E02419702D0061B5E7 /* Preview Assets.xcassets */,
			);
			path = "Preview Content";
			sourceTree = "<group>";
		};
/* End PBXGroup section */

/* Begin PBXNativeTarget section */
		D9B8B9D32419702A0061B5E7 /* CombineFutureBug */ = {
			isa = PBXNativeTarget;
			buildConfigurationList = D9B8B9E82419702D0061B5E7 /* Build configuration list for PBXNativeTarget "CombineFutureBug" */;
			buildPhases = (
				D9B8B9D02419702A0061B5E7 /* Sources */,
				D9B8B9D12419702A0061B5E7 /* Frameworks */,
				D9B8B9D22419702A0061B5E7 /* Resources */,
			);
			buildRules = (
			);
			dependencies = (
			);
			name = CombineFutureBug;
			productName = CombineFutureBug;
			productReference = D9B8B9D42419702A0061B5E7 /* CombineFutureBug.app */;
			productType = "com.apple.product-type.application";
		};
/* End PBXNativeTarget section */

/* Begin PBXProject section */
		D9B8B9CC2419702A0061B5E7 /* Project object */ = {
			isa = PBXProject;
			attributes = {
				LastSwiftUpdateCheck = 1130;
				LastUpgradeCheck = 1130;
				ORGANIZATIONNAME = Standard;
				TargetAttributes = {
					D9B8B9D32419702A0061B5E7 = {
						CreatedOnToolsVersion = 11.3.1;
					};
				};
			};
			buildConfigurationList = D9B8B9CF2419702A0061B5E7 /* Build configuration list for PBXProject "CombineFutureBug" */;
			compatibilityVersion = "Xcode 9.3";
			developmentRegion = en;
			hasScannedForEncodings = 0;
			knownRegions = (
				en,
				Base,
			);
			mainGroup = D9B8B9CB2419702A0061B5E7;
			productRefGroup = D9B8B9D52419702A0061B5E7 /* Products */;
			projectDirPath = "";
			projectRoot = "";
			targets = (
				D9B8B9D32419702A0061B5E7 /* CombineFutureBug */,
			);
		};
/* End PBXProject section */

/* Begin PBXResourcesBuildPhase section */
		D9B8B9D22419702A0061B5E7 /* Resources */ = {
			isa = PBXResourcesBuildPhase;
			buildActionMask = 2147483647;
			files = (
				D9B8B9E42419702D0061B5E7 /* LaunchScreen.storyboard in Resources */,
				D9B8B9E12419702D0061B5E7 /* Preview Assets.xcassets in Resources */,
				D9B8B9DE2419702D0061B5E7 /* Assets.xcassets in Resources */,
			);
			runOnlyForDeploymentPostprocessing = 0;
		};
/* End PBXResourcesBuildPhase section */

/* Begin PBXSourcesBuildPhase section */
		D9B8B9D02419702A0061B5E7 /* Sources */ = {
			isa = PBXSourcesBuildPhase;
			buildActionMask = 2147483647;
			files = (
				D9B8B9EE2419728F0061B5E7 /* Single.swift in Sources */,
				D9B8B9D82419702A0061B5E7 /* AppDelegate.swift in Sources */,
				D9B8B9DA2419702A0061B5E7 /* SceneDelegate.swift in Sources */,
				D9B8B9DC2419702A0061B5E7 /* ContentView.swift in Sources */,
				D9B8B9EC241970740061B5E7 /* FutureBug.swift in Sources */,
			);
			runOnlyForDeploymentPostprocessing = 0;
		};
/* End PBXSourcesBuildPhase section */

/* Begin PBXVariantGroup section */
		D9B8B9E22419702D0061B5E7 /* LaunchScreen.storyboard */ = {
			isa = PBXVariantGroup;
			children = (
				D9B8B9E32419702D0061B5E7 /* Base */,
			);
			name = LaunchScreen.storyboard;
			sourceTree = "<group>";
		};
/* End PBXVariantGroup section */

/* Begin XCBuildConfiguration section */
		D9B8B9E62419702D0061B5E7 /* Debug */ = {
			isa = XCBuildConfiguration;
			buildSettings = {
				ALWAYS_SEARCH_USER_PATHS = NO;
				CLANG_ANALYZER_NONNULL = YES;
				CLANG_ANALYZER_NUMBER_OBJECT_CONVERSION = YES_AGGRESSIVE;
				CLANG_CXX_LANGUAGE_STANDARD = "gnu++14";
				CLANG_CXX_LIBRARY = "libc++";
				CLANG_ENABLE_MODULES = YES;
				CLANG_ENABLE_OBJC_ARC = YES;
				CLANG_ENABLE_OBJC_WEAK = YES;
				CLANG_WARN_BLOCK_CAPTURE_AUTORELEASING = YES;
				CLANG_WARN_BOOL_CONVERSION = YES;
				CLANG_WARN_COMMA = YES;
				CLANG_WARN_CONSTANT_CONVERSION = YES;
				CLANG_WARN_DEPRECATED_OBJC_IMPLEMENTATIONS = YES;
				CLANG_WARN_DIRECT_OBJC_ISA_USAGE = YES_ERROR;
				CLANG_WARN_DOCUMENTATION_COMMENTS = YES;
				CLANG_WARN_EMPTY_BODY = YES;
				CLANG_WARN_ENUM_CONVERSION = YES;
				CLANG_WARN_INFINITE_RECURSION = YES;
				CLANG_WARN_INT_CONVERSION = YES;
				CLANG_WARN_NON_LITERAL_NULL_CONVERSION = YES;
				CLANG_WARN_OBJC_IMPLICIT_RETAIN_SELF = YES;
				CLANG_WARN_OBJC_LITERAL_CONVERSION = YES;
				CLANG_WARN_OBJC_ROOT_CLASS = YES_ERROR;
				CLANG_WARN_RANGE_LOOP_ANALYSIS = YES;
				CLANG_WARN_STRICT_PROTOTYPES = YES;
				CLANG_WARN_SUSPICIOUS_MOVE = YES;
				CLANG_WARN_UNGUARDED_AVAILABILITY = YES_AGGRESSIVE;
				CLANG_WARN_UNREACHABLE_CODE = YES;
				CLANG_WARN__DUPLICATE_METHOD_MATCH = YES;
				COPY_PHASE_STRIP = NO;
				DEBUG_INFORMATION_FORMAT = dwarf;
				ENABLE_STRICT_OBJC_MSGSEND = YES;
				ENABLE_TESTABILITY = YES;
				GCC_C_LANGUAGE_STANDARD = gnu11;
				GCC_DYNAMIC_NO_PIC = NO;
				GCC_NO_COMMON_BLOCKS = YES;
				GCC_OPTIMIZATION_LEVEL = 0;
				GCC_PREPROCESSOR_DEFINITIONS = (
					"DEBUG=1",
					"$(inherited)",
				);
				GCC_WARN_64_TO_32_BIT_CONVERSION = YES;
				GCC_WARN_ABOUT_RETURN_TYPE = YES_ERROR;
				GCC_WARN_UNDECLARED_SELECTOR = YES;
				GCC_WARN_UNINITIALIZED_AUTOS = YES_AGGRESSIVE;
				GCC_WARN_UNUSED_FUNCTION = YES;
				GCC_WARN_UNUSED_VARIABLE = YES;
				IPHONEOS_DEPLOYMENT_TARGET = 13.2;
				MTL_ENABLE_DEBUG_INFO = INCLUDE_SOURCE;
				MTL_FAST_MATH = YES;
				ONLY_ACTIVE_ARCH = YES;
				SDKROOT = iphoneos;
				SWIFT_ACTIVE_COMPILATION_CONDITIONS = DEBUG;
				SWIFT_OPTIMIZATION_LEVEL = "-Onone";
			};
			name = Debug;
		};
		D9B8B9E72419702D0061B5E7 /* Release */ = {
			isa = XCBuildConfiguration;
			buildSettings = {
				ALWAYS_SEARCH_USER_PATHS = NO;
				CLANG_ANALYZER_NONNULL = YES;
				CLANG_ANALYZER_NUMBER_OBJECT_CONVERSION = YES_AGGRESSIVE;
				CLANG_CXX_LANGUAGE_STANDARD = "gnu++14";
				CLANG_CXX_LIBRARY = "libc++";
				CLANG_ENABLE_MODULES = YES;
				CLANG_ENABLE_OBJC_ARC = YES;
				CLANG_ENABLE_OBJC_WEAK = YES;
				CLANG_WARN_BLOCK_CAPTURE_AUTORELEASING = YES;
				CLANG_WARN_BOOL_CONVERSION = YES;
				CLANG_WARN_COMMA = YES;
				CLANG_WARN_CONSTANT_CONVERSION = YES;
				CLANG_WARN_DEPRECATED_OBJC_IMPLEMENTATIONS = YES;
				CLANG_WARN_DIRECT_OBJC_ISA_USAGE = YES_ERROR;
				CLANG_WARN_DOCUMENTATION_COMMENTS = YES;
				CLANG_WARN_EMPTY_BODY = YES;
				CLANG_WARN_ENUM_CONVERSION = YES;
				CLANG_WARN_INFINITE_RECURSION = YES;
				CLANG_WARN_INT_CONVERSION = YES;
				CLANG_WARN_NON_LITERAL_NULL_CONVERSION = YES;
				CLANG_WARN_OBJC_IMPLICIT_RETAIN_SELF = YES;
				CLANG_WARN_OBJC_LITERAL_CONVERSION = YES;
				CLANG_WARN_OBJC_ROOT_CLASS = YES_ERROR;
				CLANG_WARN_RANGE_LOOP_ANALYSIS = YES;
				CLANG_WARN_STRICT_PROTOTYPES = YES;
				CLANG_WARN_SUSPICIOUS_MOVE = YES;
				CLANG_WARN_UNGUARDED_AVAILABILITY = YES_AGGRESSIVE;
				CLANG_WARN_UNREACHABLE_CODE = YES;
				CLANG_WARN__DUPLICATE_METHOD_MATCH = YES;
				COPY_PHASE_STRIP = NO;
				DEBUG_INFORMATION_FORMAT = "dwarf-with-dsym";
				ENABLE_NS_ASSERTIONS = NO;
				ENABLE_STRICT_OBJC_MSGSEND = YES;
				GCC_C_LANGUAGE_STANDARD = gnu11;
				GCC_NO_COMMON_BLOCKS = YES;
				GCC_WARN_64_TO_32_BIT_CONVERSION = YES;
				GCC_WARN_ABOUT_RETURN_TYPE = YES_ERROR;
				GCC_WARN_UNDECLARED_SELECTOR = YES;
				GCC_WARN_UNINITIALIZED_AUTOS = YES_AGGRESSIVE;
				GCC_WARN_UNUSED_FUNCTION = YES;
				GCC_WARN_UNUSED_VARIABLE = YES;
				IPHONEOS_DEPLOYMENT_TARGET = 13.2;
				MTL_ENABLE_DEBUG_INFO = NO;
				MTL_FAST_MATH = YES;
				SDKROOT = iphoneos;
				SWIFT_COMPILATION_MODE = wholemodule;
				SWIFT_OPTIMIZATION_LEVEL = "-O";
				VALIDATE_PRODUCT = YES;
			};
			name = Release;
		};
		D9B8B9E92419702D0061B5E7 /* Debug */ = {
			isa = XCBuildConfiguration;
			buildSettings = {
				ASSETCATALOG_COMPILER_APPICON_NAME = AppIcon;
				CODE_SIGN_STYLE = Automatic;
				DEVELOPMENT_ASSET_PATHS = "\"CombineFutureBug/Preview Content\"";
				DEVELOPMENT_TEAM = MQRRG9G4R7;
				ENABLE_PREVIEWS = YES;
				INFOPLIST_FILE = CombineFutureBug/Info.plist;
				LD_RUNPATH_SEARCH_PATHS = (
					"$(inherited)",
					"@executable_path/Frameworks",
				);
				PRODUCT_BUNDLE_IDENTIFIER = com.diogot.bugs.CombineFutureBug;
				PRODUCT_NAME = "$(TARGET_NAME)";
				SWIFT_VERSION = 5.0;
				TARGETED_DEVICE_FAMILY = "1,2";
			};
			name = Debug;
		};
		D9B8B9EA2419702D0061B5E7 /* Release */ = {
			isa = XCBuildConfiguration;
			buildSettings = {
				ASSETCATALOG_COMPILER_APPICON_NAME = AppIcon;
				CODE_SIGN_STYLE = Automatic;
				DEVELOPMENT_ASSET_PATHS = "\"CombineFutureBug/Preview Content\"";
				DEVELOPMENT_TEAM = MQRRG9G4R7;
				ENABLE_PREVIEWS = YES;
				INFOPLIST_FILE = CombineFutureBug/Info.plist;
				LD_RUNPATH_SEARCH_PATHS = (
					"$(inherited)",
					"@executable_path/Frameworks",
				);
				PRODUCT_BUNDLE_IDENTIFIER = com.diogot.bugs.CombineFutureBug;
				PRODUCT_NAME = "$(TARGET_NAME)";
				SWIFT_VERSION = 5.0;
				TARGETED_DEVICE_FAMILY = "1,2";
			};
			name = Release;
		};
/* End XCBuildConfiguration section */

/* Begin XCConfigurationList section */
		D9B8B9CF2419702A0061B5E7 /* Build configuration list for PBXProject "CombineFutureBug" */ = {
			isa = XCConfigurationList;
			buildConfigurations = (
				D9B8B9E62419702D0061B5E7 /* Debug */,
				D9B8B9E72419702D0061B5E7 /* Release */,
			);
			defaultConfigurationIsVisible = 0;
			defaultConfigurationName = Release;
		};
		D9B8B9E82419702D0061B5E7 /* Build configuration list for PBXNativeTarget "CombineFutureBug" */ = {
			isa = XCConfigurationList;
			buildConfigurations = (
				D9B8B9E92419702D0061B5E7 /* Debug */,
				D9B8B9EA2419702D0061B5E7 /* Release */,
			);
			defaultConfigurationIsVisible = 0;
			defaultConfigurationName = Release;
		};
/* End XCConfigurationList section */
	};
	rootObject = D9B8B9CC2419702A0061B5E7 /* Project object */;
}
